Microsoft Visual Studio Solution File, Format Version 9.00
# Visual Studio 2005
Project("{8BC9CEB8-8B4A-11D0-8D11-00A0C91BC942}") = "pd", "pd.vcproj", "{F814F48B-2AF5-459A-A58A-7B34F2F2B74B}"
	ProjectSection(ProjectDependencies) = postProject
		{D2A7A03B-51DD-4627-9A00-32B0BB28F4D5} = {D2A7A03B-51DD-4627-9A00-32B0BB28F4D5}
	EndProjectSection
EndProject
Project("{8BC9CEB8-8B4A-11D0-8D11-00A0C91BC942}") = "scratch", "scratch.vcproj", "{72A3C484-5504-43A6-B7B6-A16398A99C08}"
	ProjectSection(ProjectDependencies) = postProject
		{D2A7A03B-51DD-4627-9A00-32B0BB28F4D5} = {D2A7A03B-51DD-4627-9A00-32B0BB28F4D5}
	EndProjectSection
EndProject
Project("{8BC9CEB8-8B4A-11D0-8D11-00A0C91BC942}") = "mmlib", "mmlib.vcproj", "{D2A7A03B-51DD-4627-9A00-32B0BB28F4D5}"
EndProject
Project("{8BC9CEB8-8B4A-11D0-8D11-00A0C91BC942}") = "example", "..\src\mods\example\example.vcproj", "{9BC6F026-832C-4C68-B1D9-2F756A3A000C}"
	ProjectSection(ProjectDependencies) = postProject
		{D2A7A03B-51DD-4627-9A00-32B0BB28F4D5} = {D2A7A03B-51DD-4627-9A00-32B0BB28F4D5}
		{F814F48B-2AF5-459A-A58A-7B34F2F2B74B} = {F814F48B-2AF5-459A-A58A-7B34F2F2B74B}
	EndProjectSection
EndProject
Project("{2150E333-8FDC-42A3-9474-1A3956D46DE8}") = "satelites", "satelites", "{DBFC9EA6-BA04-451E-A709-76247403E815}"
EndProject
Project("{8BC9CEB8-8B4A-11D0-8D11-00A0C91BC942}") = "restpermut", "..\src\mods\restpermut\restpermut.vcproj", "{9C80D17C-2D20-44A7-ADEB-D5B4014DECB9}"
	ProjectSection(ProjectDependencies) = postProject
		{D2A7A03B-51DD-4627-9A00-32B0BB28F4D5} = {D2A7A03B-51DD-4627-9A00-32B0BB28F4D5}
		{F814F48B-2AF5-459A-A58A-7B34F2F2B74B} = {F814F48B-2AF5-459A-A58A-7B34F2F2B74B}
	EndProjectSection
EndProject
Project("{8BC9CEB8-8B4A-11D0-8D11-00A0C91BC942}") = "gromacs", "..\src\mods\gromacs\gromacs.vcproj", "{AAFC75F4-BF8A-4510-A8DA-4B6768397F66}"
	ProjectSection(ProjectDependencies) = postProject
		{D2A7A03B-51DD-4627-9A00-32B0BB28F4D5} = {D2A7A03B-51DD-4627-9A00-32B0BB28F4D5}
		{F814F48B-2AF5-459A-A58A-7B34F2F2B74B} = {F814F48B-2AF5-459A-A58A-7B34F2F2B74B}
	EndProjectSection
EndProject
Project("{8BC9CEB8-8B4A-11D0-8D11-00A0C91BC942}") = "arcus", "..\src\mods\arcus\arcus_wrap.vcproj", "{C917D84E-7FDC-4D39-8CBD-E6375A61C79B}"
	ProjectSection(ProjectDependencies) = postProject
		{D2A7A03B-51DD-4627-9A00-32B0BB28F4D5} = {D2A7A03B-51DD-4627-9A00-32B0BB28F4D5}
		{863E21FB-3582-4692-B72B-72ED01718F32} = {863E21FB-3582-4692-B72B-72ED01718F32}
	EndProjectSection
EndProject
Project("{8BC9CEB8-8B4A-11D0-8D11-00A0C91BC942}") = "scratch_jon", "scratch_jon.vcproj", "{215245C0-A9B3-4408-915B-F735EEEEE3DE}"
	ProjectSection(ProjectDependencies) = postProject
		{D2A7A03B-51DD-4627-9A00-32B0BB28F4D5} = {D2A7A03B-51DD-4627-9A00-32B0BB28F4D5}
		{863E21FB-3582-4692-B72B-72ED01718F32} = {863E21FB-3582-4692-B72B-72ED01718F32}
	EndProjectSection
EndProject
Project("{8BC9CEB8-8B4A-11D0-8D11-00A0C91BC942}") = "arcusLib", "..\src\mods\arcus\arcus.vcproj", "{863E21FB-3582-4692-B72B-72ED01718F32}"
	ProjectSection(ProjectDependencies) = postProject
		{D2A7A03B-51DD-4627-9A00-32B0BB28F4D5} = {D2A7A03B-51DD-4627-9A00-32B0BB28F4D5}
	EndProjectSection
EndProject
Project("{2150E333-8FDC-42A3-9474-1A3956D46DE8}") = "scratch", "scratch", "{B415FAC3-854E-4FA5-B38F-C94381847D4C}"
EndProject
Project("{2150E333-8FDC-42A3-9474-1A3956D46DE8}") = "core", "core", "{E5AC7B30-4FEE-48DC-A957-D1FE62BCD023}"
EndProject
Project("{2150E333-8FDC-42A3-9474-1A3956D46DE8}") = "modules", "modules", "{8DC577B7-A533-4503-A81C-3ADEC95394E9}"
EndProject
Global
	GlobalSection(SolutionConfigurationPlatforms) = preSolution
		Debug_NoAPI|Win32 = Debug_NoAPI|Win32
		Debug_NoAPI|x64 = Debug_NoAPI|x64
		Debug|Win32 = Debug|Win32
		Debug|x64 = Debug|x64
		develop|Win32 = develop|Win32
		develop|x64 = develop|x64
		OpenMP_Release|Win32 = OpenMP_Release|Win32
		OpenMP_Release|x64 = OpenMP_Release|x64
		Release|Win32 = Release|Win32
		Release|x64 = Release|x64
	EndGlobalSection
	GlobalSection(ProjectConfigurationPlatforms) = postSolution
		{F814F48B-2AF5-459A-A58A-7B34F2F2B74B}.Debug_NoAPI|Win32.ActiveCfg = Debug_NoAPI|Win32
		{F814F48B-2AF5-459A-A58A-7B34F2F2B74B}.Debug_NoAPI|x64.ActiveCfg = Debug_NoAPI|Win32
		{F814F48B-2AF5-459A-A58A-7B34F2F2B74B}.Debug|Win32.ActiveCfg = Debug|Win32
		{F814F48B-2AF5-459A-A58A-7B34F2F2B74B}.Debug|x64.ActiveCfg = Debug|Win32
		{F814F48B-2AF5-459A-A58A-7B34F2F2B74B}.develop|Win32.ActiveCfg = develop|Win32
		{F814F48B-2AF5-459A-A58A-7B34F2F2B74B}.develop|x64.ActiveCfg = develop|Win32
		{F814F48B-2AF5-459A-A58A-7B34F2F2B74B}.OpenMP_Release|Win32.ActiveCfg = OpenMP_Release|Win32
		{F814F48B-2AF5-459A-A58A-7B34F2F2B74B}.OpenMP_Release|Win32.Build.0 = OpenMP_Release|Win32
		{F814F48B-2AF5-459A-A58A-7B34F2F2B74B}.OpenMP_Release|x64.ActiveCfg = OpenMP_Release|Win32
		{F814F48B-2AF5-459A-A58A-7B34F2F2B74B}.Release|Win32.ActiveCfg = Release|Win32
		{F814F48B-2AF5-459A-A58A-7B34F2F2B74B}.Release|x64.ActiveCfg = Release|Win32
		{72A3C484-5504-43A6-B7B6-A16398A99C08}.Debug_NoAPI|Win32.ActiveCfg = Debug_NoAPI|Win32
		{72A3C484-5504-43A6-B7B6-A16398A99C08}.Debug_NoAPI|x64.ActiveCfg = Debug_NoAPI|Win32
		{72A3C484-5504-43A6-B7B6-A16398A99C08}.Debug_NoAPI|x64.Build.0 = Debug_NoAPI|Win32
		{72A3C484-5504-43A6-B7B6-A16398A99C08}.Debug|Win32.ActiveCfg = Debug|Win32
		{72A3C484-5504-43A6-B7B6-A16398A99C08}.Debug|Win32.Build.0 = Debug|Win32
		{72A3C484-5504-43A6-B7B6-A16398A99C08}.Debug|x64.ActiveCfg = Debug|Win32
		{72A3C484-5504-43A6-B7B6-A16398A99C08}.Debug|x64.Build.0 = Debug|Win32
		{72A3C484-5504-43A6-B7B6-A16398A99C08}.develop|Win32.ActiveCfg = develop|Win32
		{72A3C484-5504-43A6-B7B6-A16398A99C08}.develop|Win32.Build.0 = develop|Win32
		{72A3C484-5504-43A6-B7B6-A16398A99C08}.develop|x64.ActiveCfg = develop|Win32
		{72A3C484-5504-43A6-B7B6-A16398A99C08}.OpenMP_Release|Win32.ActiveCfg = OpenMP_Release|Win32
		{72A3C484-5504-43A6-B7B6-A16398A99C08}.OpenMP_Release|Win32.Build.0 = OpenMP_Release|Win32
		{72A3C484-5504-43A6-B7B6-A16398A99C08}.OpenMP_Release|x64.ActiveCfg = OpenMP_Release|Win32
		{72A3C484-5504-43A6-B7B6-A16398A99C08}.Release|Win32.ActiveCfg = Release|Win32
		{72A3C484-5504-43A6-B7B6-A16398A99C08}.Release|x64.ActiveCfg = Release|Win32
		{72A3C484-5504-43A6-B7B6-A16398A99C08}.Release|x64.Build.0 = Release|Win32
		{D2A7A03B-51DD-4627-9A00-32B0BB28F4D5}.Debug_NoAPI|Win32.ActiveCfg = Debug_NoAPI|Win32
		{D2A7A03B-51DD-4627-9A00-32B0BB28F4D5}.Debug_NoAPI|Win32.Build.0 = Debug_NoAPI|Win32
		{D2A7A03B-51DD-4627-9A00-32B0BB28F4D5}.Debug_NoAPI|x64.ActiveCfg = Debug_NoAPI|Win32
		{D2A7A03B-51DD-4627-9A00-32B0BB28F4D5}.Debug_NoAPI|x64.Build.0 = Debug_NoAPI|Win32
		{D2A7A03B-51DD-4627-9A00-32B0BB28F4D5}.Debug|Win32.ActiveCfg = Debug|Win32
		{D2A7A03B-51DD-4627-9A00-32B0BB28F4D5}.Debug|Win32.Build.0 = Debug|Win32
		{D2A7A03B-51DD-4627-9A00-32B0BB28F4D5}.Debug|x64.ActiveCfg = Debug|Win32
		{D2A7A03B-51DD-4627-9A00-32B0BB28F4D5}.Debug|x64.Build.0 = Debug|Win32
		{D2A7A03B-51DD-4627-9A00-32B0BB28F4D5}.develop|Win32.ActiveCfg = develop|Win32
		{D2A7A03B-51DD-4627-9A00-32B0BB28F4D5}.develop|Win32.Build.0 = develop|Win32
		{D2A7A03B-51DD-4627-9A00-32B0BB28F4D5}.develop|x64.ActiveCfg = develop|Win32
		{D2A7A03B-51DD-4627-9A00-32B0BB28F4D5}.OpenMP_Release|Win32.ActiveCfg = OpenMP_Release|Win32
		{D2A7A03B-51DD-4627-9A00-32B0BB28F4D5}.OpenMP_Release|Win32.Build.0 = OpenMP_Release|Win32
		{D2A7A03B-51DD-4627-9A00-32B0BB28F4D5}.OpenMP_Release|x64.ActiveCfg = OpenMP_Release|Win32
		{D2A7A03B-51DD-4627-9A00-32B0BB28F4D5}.Release|Win32.ActiveCfg = Release|Win32
		{D2A7A03B-51DD-4627-9A00-32B0BB28F4D5}.Release|Win32.Build.0 = Release|Win32
		{D2A7A03B-51DD-4627-9A00-32B0BB28F4D5}.Release|x64.ActiveCfg = Release|Win32
		{D2A7A03B-51DD-4627-9A00-32B0BB28F4D5}.Release|x64.Build.0 = Release|Win32
		{9BC6F026-832C-4C68-B1D9-2F756A3A000C}.Debug_NoAPI|Win32.ActiveCfg = Debug_NoAPI|Win32
		{9BC6F026-832C-4C68-B1D9-2F756A3A000C}.Debug_NoAPI|x64.ActiveCfg = Debug_NoAPI|Win32
		{9BC6F026-832C-4C68-B1D9-2F756A3A000C}.Debug|Win32.ActiveCfg = Debug|Win32
		{9BC6F026-832C-4C68-B1D9-2F756A3A000C}.Debug|x64.ActiveCfg = Debug|Win32
		{9BC6F026-832C-4C68-B1D9-2F756A3A000C}.develop|Win32.ActiveCfg = Debug|Win32
		{9BC6F026-832C-4C68-B1D9-2F756A3A000C}.develop|x64.ActiveCfg = Debug_NoAPI|Win32
		{9BC6F026-832C-4C68-B1D9-2F756A3A000C}.OpenMP_Release|Win32.ActiveCfg = OpenMP_Release|Win32
		{9BC6F026-832C-4C68-B1D9-2F756A3A000C}.OpenMP_Release|x64.ActiveCfg = OpenMP_Release|Win32
		{9BC6F026-832C-4C68-B1D9-2F756A3A000C}.Release|Win32.ActiveCfg = Release|Win32
		{9BC6F026-832C-4C68-B1D9-2F756A3A000C}.Release|x64.ActiveCfg = Release|Win32
		{9C80D17C-2D20-44A7-ADEB-D5B4014DECB9}.Debug_NoAPI|Win32.ActiveCfg = Debug_NoAPI|Win32
		{9C80D17C-2D20-44A7-ADEB-D5B4014DECB9}.Debug_NoAPI|x64.ActiveCfg = Debug_NoAPI|Win32
		{9C80D17C-2D20-44A7-ADEB-D5B4014DECB9}.Debug|Win32.ActiveCfg = Debug|Win32
		{9C80D17C-2D20-44A7-ADEB-D5B4014DECB9}.Debug|Win32.Build.0 = Debug|Win32
		{9C80D17C-2D20-44A7-ADEB-D5B4014DECB9}.Debug|x64.ActiveCfg = Debug|Win32
		{9C80D17C-2D20-44A7-ADEB-D5B4014DECB9}.develop|Win32.ActiveCfg = Debug_NoAPI|Win32
		{9C80D17C-2D20-44A7-ADEB-D5B4014DECB9}.develop|Win32.Build.0 = Debug_NoAPI|Win32
		{9C80D17C-2D20-44A7-ADEB-D5B4014DECB9}.develop|x64.ActiveCfg = Debug_NoAPI|Win32
		{9C80D17C-2D20-44A7-ADEB-D5B4014DECB9}.OpenMP_Release|Win32.ActiveCfg = OpenMP_Release|Win32
		{9C80D17C-2D20-44A7-ADEB-D5B4014DECB9}.OpenMP_Release|Win32.Build.0 = OpenMP_Release|Win32
		{9C80D17C-2D20-44A7-ADEB-D5B4014DECB9}.OpenMP_Release|x64.ActiveCfg = OpenMP_Release|Win32
		{9C80D17C-2D20-44A7-ADEB-D5B4014DECB9}.Release|Win32.ActiveCfg = Release|Win32
		{9C80D17C-2D20-44A7-ADEB-D5B4014DECB9}.Release|x64.ActiveCfg = Release|Win32
		{AAFC75F4-BF8A-4510-A8DA-4B6768397F66}.Debug_NoAPI|Win32.ActiveCfg = Debug_NoAPI|Win32
		{AAFC75F4-BF8A-4510-A8DA-4B6768397F66}.Debug_NoAPI|x64.ActiveCfg = Debug_NoAPI|Win32
		{AAFC75F4-BF8A-4510-A8DA-4B6768397F66}.Debug|Win32.ActiveCfg = Debug|Win32
		{AAFC75F4-BF8A-4510-A8DA-4B6768397F66}.Debug|Win32.Build.0 = Debug|Win32
		{AAFC75F4-BF8A-4510-A8DA-4B6768397F66}.Debug|x64.ActiveCfg = Debug|Win32
		{AAFC75F4-BF8A-4510-A8DA-4B6768397F66}.develop|Win32.ActiveCfg = Debug_NoAPI|Win32
		{AAFC75F4-BF8A-4510-A8DA-4B6768397F66}.develop|Win32.Build.0 = Debug_NoAPI|Win32
		{AAFC75F4-BF8A-4510-A8DA-4B6768397F66}.develop|x64.ActiveCfg = Debug_NoAPI|Win32
		{AAFC75F4-BF8A-4510-A8DA-4B6768397F66}.OpenMP_Release|Win32.ActiveCfg = OpenMP_Release|Win32
		{AAFC75F4-BF8A-4510-A8DA-4B6768397F66}.OpenMP_Release|Win32.Build.0 = OpenMP_Release|Win32
		{AAFC75F4-BF8A-4510-A8DA-4B6768397F66}.OpenMP_Release|x64.ActiveCfg = OpenMP_Release|Win32
		{AAFC75F4-BF8A-4510-A8DA-4B6768397F66}.Release|Win32.ActiveCfg = Release|Win32
		{AAFC75F4-BF8A-4510-A8DA-4B6768397F66}.Release|x64.ActiveCfg = Release|Win32
		{C917D84E-7FDC-4D39-8CBD-E6375A61C79B}.Debug_NoAPI|Win32.ActiveCfg = Debug_NoAPI|Win32
		{C917D84E-7FDC-4D39-8CBD-E6375A61C79B}.Debug_NoAPI|x64.ActiveCfg = Debug_NoAPI|x64
		{C917D84E-7FDC-4D39-8CBD-E6375A61C79B}.Debug_NoAPI|x64.Build.0 = Debug_NoAPI|x64
		{C917D84E-7FDC-4D39-8CBD-E6375A61C79B}.Debug|Win32.ActiveCfg = Debug|Win32
		{C917D84E-7FDC-4D39-8CBD-E6375A61C79B}.Debug|Win32.Build.0 = Debug|Win32
		{C917D84E-7FDC-4D39-8CBD-E6375A61C79B}.Debug|x64.ActiveCfg = Debug|x64
		{C917D84E-7FDC-4D39-8CBD-E6375A61C79B}.Debug|x64.Build.0 = Debug|x64
		{C917D84E-7FDC-4D39-8CBD-E6375A61C79B}.develop|Win32.ActiveCfg = Debug_NoAPI|x64
		{C917D84E-7FDC-4D39-8CBD-E6375A61C79B}.develop|x64.ActiveCfg = Debug_NoAPI|x64
		{C917D84E-7FDC-4D39-8CBD-E6375A61C79B}.develop|x64.Build.0 = Debug_NoAPI|x64
		{C917D84E-7FDC-4D39-8CBD-E6375A61C79B}.OpenMP_Release|Win32.ActiveCfg = OpenMP_Release|Win32
		{C917D84E-7FDC-4D39-8CBD-E6375A61C79B}.OpenMP_Release|Win32.Build.0 = OpenMP_Release|Win32
		{C917D84E-7FDC-4D39-8CBD-E6375A61C79B}.OpenMP_Release|x64.ActiveCfg = OpenMP_Release|x64
		{C917D84E-7FDC-4D39-8CBD-E6375A61C79B}.OpenMP_Release|x64.Build.0 = OpenMP_Release|x64
		{C917D84E-7FDC-4D39-8CBD-E6375A61C79B}.Release|Win32.ActiveCfg = Release|Win32
		{C917D84E-7FDC-4D39-8CBD-E6375A61C79B}.Release|x64.ActiveCfg = Release|x64
		{C917D84E-7FDC-4D39-8CBD-E6375A61C79B}.Release|x64.Build.0 = Release|x64
		{215245C0-A9B3-4408-915B-F735EEEEE3DE}.Debug_NoAPI|Win32.ActiveCfg = Debug_NoAPI|Win32
		{215245C0-A9B3-4408-915B-F735EEEEE3DE}.Debug_NoAPI|Win32.Build.0 = Debug_NoAPI|Win32
		{215245C0-A9B3-4408-915B-F735EEEEE3DE}.Debug_NoAPI|x64.ActiveCfg = Debug_NoAPI|Win32
		{215245C0-A9B3-4408-915B-F735EEEEE3DE}.Debug|Win32.ActiveCfg = Debug|Win32
		{215245C0-A9B3-4408-915B-F735EEEEE3DE}.Debug|Win32.Build.0 = Debug|Win32
		{215245C0-A9B3-4408-915B-F735EEEEE3DE}.Debug|x64.ActiveCfg = Debug|Win32
		{215245C0-A9B3-4408-915B-F735EEEEE3DE}.develop|Win32.ActiveCfg = develop|Win32
		{215245C0-A9B3-4408-915B-F735EEEEE3DE}.develop|Win32.Build.0 = develop|Win32
		{215245C0-A9B3-4408-915B-F735EEEEE3DE}.develop|x64.ActiveCfg = develop|Win32
		{215245C0-A9B3-4408-915B-F735EEEEE3DE}.OpenMP_Release|Win32.ActiveCfg = OpenMP_Release|Win32
		{215245C0-A9B3-4408-915B-F735EEEEE3DE}.OpenMP_Release|Win32.Build.0 = OpenMP_Release|Win32
		{215245C0-A9B3-4408-915B-F735EEEEE3DE}.OpenMP_Release|x64.ActiveCfg = OpenMP_Release|Win32
		{215245C0-A9B3-4408-915B-F735EEEEE3DE}.Release|Win32.ActiveCfg = Release|Win32
		{215245C0-A9B3-4408-915B-F735EEEEE3DE}.Release|Win32.Build.0 = Release|Win32
		{215245C0-A9B3-4408-915B-F735EEEEE3DE}.Release|x64.ActiveCfg = Release|Win32
		{863E21FB-3582-4692-B72B-72ED01718F32}.Debug_NoAPI|Win32.ActiveCfg = Debug_NoAPI|Win32
		{863E21FB-3582-4692-B72B-72ED01718F32}.Debug_NoAPI|Win32.Build.0 = Debug_NoAPI|Win32
		{863E21FB-3582-4692-B72B-72ED01718F32}.Debug_NoAPI|x64.ActiveCfg = Debug_NoAPI|Win32
		{863E21FB-3582-4692-B72B-72ED01718F32}.Debug|Win32.ActiveCfg = Debug_NoAPI|Win32
		{863E21FB-3582-4692-B72B-72ED01718F32}.Debug|Win32.Build.0 = Debug_NoAPI|Win32
		{863E21FB-3582-4692-B72B-72ED01718F32}.Debug|x64.ActiveCfg = Debug_NoAPI|Win32
		{863E21FB-3582-4692-B72B-72ED01718F32}.develop|Win32.ActiveCfg = Debug_NoAPI|Win32
		{863E21FB-3582-4692-B72B-72ED01718F32}.develop|Win32.Build.0 = Debug_NoAPI|Win32
		{863E21FB-3582-4692-B72B-72ED01718F32}.develop|x64.ActiveCfg = Debug_NoAPI|Win32
		{863E21FB-3582-4692-B72B-72ED01718F32}.OpenMP_Release|Win32.ActiveCfg = Release|Win32
		{863E21FB-3582-4692-B72B-72ED01718F32}.OpenMP_Release|Win32.Build.0 = Release|Win32
		{863E21FB-3582-4692-B72B-72ED01718F32}.OpenMP_Release|x64.ActiveCfg = Release|Win32
		{863E21FB-3582-4692-B72B-72ED01718F32}.Release|Win32.ActiveCfg = Release|Win32
		{863E21FB-3582-4692-B72B-72ED01718F32}.Release|Win32.Build.0 = Release|Win32
		{863E21FB-3582-4692-B72B-72ED01718F32}.Release|x64.ActiveCfg = Release|Win32
	EndGlobalSection
	GlobalSection(SolutionProperties) = preSolution
		HideSolutionNode = FALSE
	EndGlobalSection
	GlobalSection(NestedProjects) = preSolution
		{D2A7A03B-51DD-4627-9A00-32B0BB28F4D5} = {E5AC7B30-4FEE-48DC-A957-D1FE62BCD023}
		{F814F48B-2AF5-459A-A58A-7B34F2F2B74B} = {E5AC7B30-4FEE-48DC-A957-D1FE62BCD023}
		{215245C0-A9B3-4408-915B-F735EEEEE3DE} = {B415FAC3-854E-4FA5-B38F-C94381847D4C}
		{72A3C484-5504-43A6-B7B6-A16398A99C08} = {B415FAC3-854E-4FA5-B38F-C94381847D4C}
		{9BC6F026-832C-4C68-B1D9-2F756A3A000C} = {8DC577B7-A533-4503-A81C-3ADEC95394E9}
		{9C80D17C-2D20-44A7-ADEB-D5B4014DECB9} = {DBFC9EA6-BA04-451E-A709-76247403E815}
		{AAFC75F4-BF8A-4510-A8DA-4B6768397F66} = {DBFC9EA6-BA04-451E-A709-76247403E815}
		{C917D84E-7FDC-4D39-8CBD-E6375A61C79B} = {DBFC9EA6-BA04-451E-A709-76247403E815}
		{863E21FB-3582-4692-B72B-72ED01718F32} = {DBFC9EA6-BA04-451E-A709-76247403E815}
	EndGlobalSection
EndGlobal
